
Microsoft Visual Studio Solution File, Format Version 12.00
# Visual Studio 15
VisualStudioVersion = 15.0.26730.15
MinimumVisualStudioVersion = 10.0.40219.1
Project("{FAE04EC0-301F-11D3-BF4B-00C04F79EFBC}") = "QuanLyRapPhim_Final", "QuanLyRapPhim_Final\QuanLyRapPhim_Final.csproj", "{3F515C0D-C87B-4ACF-94B4-8E7363FF7871}"
EndProject
Global
	GlobalSection(SolutionConfigurationPlatforms) = preSolution
		Debug|Any CPU = Debug|Any CPU
		Release|Any CPU = Release|Any CPU
	EndGlobalSection
	GlobalSection(ProjectConfigurationPlatforms) = postSolution
		{3F515C0D-C87B-4ACF-94B4-8E7363FF7871}.Debug|Any CPU.ActiveCfg = Debug|Any CPU
		{3F515C0D-C87B-4ACF-94B4-8E7363FF7871}.Debug|Any CPU.Build.0 = Debug|Any CPU
		{3F515C0D-C87B-4ACF-94B4-8E7363FF7871}.Release|Any CPU.ActiveCfg = Release|Any CPU
		{3F515C0D-C87B-4ACF-94B4-8E7363FF7871}.Release|Any CPU.Build.0 = Release|Any CPU
	EndGlobalSection
	GlobalSection(SolutionProperties) = preSolution
		HideSolutionNode = FALSE
	EndGlobalSection
	GlobalSection(ExtensibilityGlobals) = postSolution
		SolutionGuid = {B25A0177-4906-46A4-B59E-783B63F3E2CE}
	EndGlobalSection
EndGlobal
